
Microsoft Visual Studio Solution File, Format Version 12.00
# Visual Studio 2013
VisualStudioVersion = 12.0.40629.0
MinimumVisualStudioVersion = 10.0.40219.1
Project("{FAE04EC0-301F-11D3-BF4B-00C04F79EFBC}") = "depedencywalk", "depedencywalk.csproj", "{137C89C4-2019-42B5-A3DF-6F7FA165A443}"
EndProject
Project("{FAE04EC0-301F-11D3-BF4B-00C04F79EFBC}") = "Tests", "Tests\Tests.csproj", "{7E175584-9C4D-45A1-9ED7-6527465118E4}"
EndProject
Project("{FAE04EC0-301F-11D3-BF4B-00C04F79EFBC}") = "Chrono.Core.AbstractDataType", "Chrono.Core.AbstractDataType\Chrono.Core.AbstractDataType.csproj", "{A0EB911F-88FE-46F4-87FE-613F1204AE5A}"
EndProject
Global
	GlobalSection(SolutionConfigurationPlatforms) = preSolution
		Debug|Any CPU = Debug|Any CPU
		Release|Any CPU = Release|Any CPU
	EndGlobalSection
	GlobalSection(ProjectConfigurationPlatforms) = postSolution
		{137C89C4-2019-42B5-A3DF-6F7FA165A443}.Debug|Any CPU.ActiveCfg = Debug|Any CPU
		{137C89C4-2019-42B5-A3DF-6F7FA165A443}.Debug|Any CPU.Build.0 = Debug|Any CPU
		{137C89C4-2019-42B5-A3DF-6F7FA165A443}.Release|Any CPU.ActiveCfg = Release|Any CPU
		{137C89C4-2019-42B5-A3DF-6F7FA165A443}.Release|Any CPU.Build.0 = Release|Any CPU
		{7E175584-9C4D-45A1-9ED7-6527465118E4}.Debug|Any CPU.ActiveCfg = Debug|Any CPU
		{7E175584-9C4D-45A1-9ED7-6527465118E4}.Debug|Any CPU.Build.0 = Debug|Any CPU
		{7E175584-9C4D-45A1-9ED7-6527465118E4}.Release|Any CPU.ActiveCfg = Release|Any CPU
		{7E175584-9C4D-45A1-9ED7-6527465118E4}.Release|Any CPU.Build.0 = Release|Any CPU
		{A0EB911F-88FE-46F4-87FE-613F1204AE5A}.Debug|Any CPU.ActiveCfg = Debug|Any CPU
		{A0EB911F-88FE-46F4-87FE-613F1204AE5A}.Debug|Any CPU.Build.0 = Debug|Any CPU
		{A0EB911F-88FE-46F4-87FE-613F1204AE5A}.Release|Any CPU.ActiveCfg = Release|Any CPU
		{A0EB911F-88FE-46F4-87FE-613F1204AE5A}.Release|Any CPU.Build.0 = Release|Any CPU
	EndGlobalSection
	GlobalSection(SolutionProperties) = preSolution
		HideSolutionNode = FALSE
	EndGlobalSection
EndGlobal
